
Microsoft Visual Studio Solution File, Format Version 12.00
Project("{FAE04EC0-301F-11D3-BF4B-00C04F79EFBC}") = "SFA.DAS.ApplyService.Web", "SFA.DAS.ApplyService.Web\SFA.DAS.ApplyService.Web.csproj", "{BC878D49-EE14-408B-B507-0307B961CEF0}"
EndProject
Project("{2150E333-8FDC-42A3-9474-1A3956D46DE8}") = "Application", "Application", "{CB25C537-3812-4629-A142-6B84EF294A9E}"
EndProject
Project("{2150E333-8FDC-42A3-9474-1A3956D46DE8}") = "UI", "UI", "{DF43B040-0281-42C2-AD9E-A37F6EA0FEA6}"
EndProject
Project("{FAE04EC0-301F-11D3-BF4B-00C04F79EFBC}") = "SFA.DAS.ApplyService.Domain", "SFA.DAS.ApplyService.Domain\SFA.DAS.ApplyService.Domain.csproj", "{62C55D30-AE24-4230-A7F8-627ECEBEA48E}"
EndProject
Project("{FAE04EC0-301F-11D3-BF4B-00C04F79EFBC}") = "SFA.DAS.ApplyService.Application", "SFA.DAS.ApplyService.Application\SFA.DAS.ApplyService.Application.csproj", "{C32FBF75-32C0-40D4-A306-B240A13FCF87}"
EndProject
Project("{FAE04EC0-301F-11D3-BF4B-00C04F79EFBC}") = "SFA.DAS.ApplyService.InternalApi", "SFA.DAS.ApplyService.InternalApi\SFA.DAS.ApplyService.InternalApi.csproj", "{42FEF463-18F2-4A9E-BED0-EB35069DEA40}"
EndProject
Global
	GlobalSection(SolutionConfigurationPlatforms) = preSolution
		Debug|Any CPU = Debug|Any CPU
		Release|Any CPU = Release|Any CPU
	EndGlobalSection
	GlobalSection(ProjectConfigurationPlatforms) = postSolution
		{BC878D49-EE14-408B-B507-0307B961CEF0}.Debug|Any CPU.ActiveCfg = Debug|Any CPU
		{BC878D49-EE14-408B-B507-0307B961CEF0}.Debug|Any CPU.Build.0 = Debug|Any CPU
		{BC878D49-EE14-408B-B507-0307B961CEF0}.Release|Any CPU.ActiveCfg = Release|Any CPU
		{BC878D49-EE14-408B-B507-0307B961CEF0}.Release|Any CPU.Build.0 = Release|Any CPU
		{62C55D30-AE24-4230-A7F8-627ECEBEA48E}.Debug|Any CPU.ActiveCfg = Debug|Any CPU
		{62C55D30-AE24-4230-A7F8-627ECEBEA48E}.Debug|Any CPU.Build.0 = Debug|Any CPU
		{62C55D30-AE24-4230-A7F8-627ECEBEA48E}.Release|Any CPU.ActiveCfg = Release|Any CPU
		{62C55D30-AE24-4230-A7F8-627ECEBEA48E}.Release|Any CPU.Build.0 = Release|Any CPU
		{C32FBF75-32C0-40D4-A306-B240A13FCF87}.Debug|Any CPU.ActiveCfg = Debug|Any CPU
		{C32FBF75-32C0-40D4-A306-B240A13FCF87}.Debug|Any CPU.Build.0 = Debug|Any CPU
		{C32FBF75-32C0-40D4-A306-B240A13FCF87}.Release|Any CPU.ActiveCfg = Release|Any CPU
		{C32FBF75-32C0-40D4-A306-B240A13FCF87}.Release|Any CPU.Build.0 = Release|Any CPU
		{42FEF463-18F2-4A9E-BED0-EB35069DEA40}.Debug|Any CPU.ActiveCfg = Debug|Any CPU
		{42FEF463-18F2-4A9E-BED0-EB35069DEA40}.Debug|Any CPU.Build.0 = Debug|Any CPU
		{42FEF463-18F2-4A9E-BED0-EB35069DEA40}.Release|Any CPU.ActiveCfg = Release|Any CPU
		{42FEF463-18F2-4A9E-BED0-EB35069DEA40}.Release|Any CPU.Build.0 = Release|Any CPU
	EndGlobalSection
	GlobalSection(NestedProjects) = preSolution
		{BC878D49-EE14-408B-B507-0307B961CEF0} = {DF43B040-0281-42C2-AD9E-A37F6EA0FEA6}
		{62C55D30-AE24-4230-A7F8-627ECEBEA48E} = {CB25C537-3812-4629-A142-6B84EF294A9E}
		{C32FBF75-32C0-40D4-A306-B240A13FCF87} = {CB25C537-3812-4629-A142-6B84EF294A9E}
		{42FEF463-18F2-4A9E-BED0-EB35069DEA40} = {CB25C537-3812-4629-A142-6B84EF294A9E}
	EndGlobalSection
EndGlobal
